
Microsoft Visual Studio Solution File, Format Version 12.00
# Visual Studio Version 17
VisualStudioVersion = 17.14.36301.6 d17.14
MinimumVisualStudioVersion = 10.0.40219.1
Project("{FAE04EC0-301F-11D3-BF4B-00C04F79EFBC}") = "ExercicioBalao.Forms", "ExercicioBalao.Forms\ExercicioBalao.Forms.csproj", "{F61B948E-1D35-4F51-9F26-B12E6BF7EC90}"
EndProject
Global
	GlobalSection(SolutionConfigurationPlatforms) = preSolution
		Debug|Any CPU = Debug|Any CPU
		Release|Any CPU = Release|Any CPU
	EndGlobalSection
	GlobalSection(ProjectConfigurationPlatforms) = postSolution
		{F61B948E-1D35-4F51-9F26-B12E6BF7EC90}.Debug|Any CPU.ActiveCfg = Debug|Any CPU
		{F61B948E-1D35-4F51-9F26-B12E6BF7EC90}.Debug|Any CPU.Build.0 = Debug|Any CPU
		{F61B948E-1D35-4F51-9F26-B12E6BF7EC90}.Release|Any CPU.ActiveCfg = Release|Any CPU
		{F61B948E-1D35-4F51-9F26-B12E6BF7EC90}.Release|Any CPU.Build.0 = Release|Any CPU
	EndGlobalSection
	GlobalSection(SolutionProperties) = preSolution
		HideSolutionNode = FALSE
	EndGlobalSection
	GlobalSection(ExtensibilityGlobals) = postSolution
		SolutionGuid = {3EF67EBF-5C06-4AB4-8C57-76988318E798}
	EndGlobalSection
EndGlobal
